// !$*UTF8*$!
{
	archiveVersion = 1;
	classes = {
	};
	objectVersion = 55;
	objects = {

/* Begin PBXBuildFile section */
		0ADF1FF92BAEEF5700A88C49 /* API.h in Headers */ = {isa = PBXBuildFile; fileRef = 0ADF1FF82BAEEF5700A88C49 /* API.h */; settings = {ATTRIBUTES = (Public, ); }; };
		0ADF1FFC2BAEEF5700A88C49 /* API.framework in Frameworks */ = {isa = PBXBuildFile; fileRef = 0ADF1FF62BAEEF5700A88C49 /* API.framework */; };
		0ADF1FFD2BAEEF5700A88C49 /* API.framework in Embed Frameworks */ = {isa = PBXBuildFile; fileRef = 0ADF1FF62BAEEF5700A88C49 /* API.framework */; settings = {ATTRIBUTES = (CodeSignOnCopy, RemoveHeadersOnCopy, ); }; };
		0ADF20042BAEEF7600A88C49 /* FlightsLoaderService.swift in Sources */ = {isa = PBXBuildFile; fileRef = 0ADF20032BAEEF7600A88C49 /* FlightsLoaderService.swift */; };
		0ADF20062BAEEFB500A88C49 /* Flights.swift in Sources */ = {isa = PBXBuildFile; fileRef = 0ADF20052BAEEFB500A88C49 /* Flights.swift */; };
		0ADF20082BAEF15C00A88C49 /* HTTPStatusCode.swift in Sources */ = {isa = PBXBuildFile; fileRef = 0ADF20072BAEF15C00A88C49 /* HTTPStatusCode.swift */; };
		0ADF200A2BAEF16B00A88C49 /* FlightsLoaderServiceError.swift in Sources */ = {isa = PBXBuildFile; fileRef = 0ADF20092BAEF16B00A88C49 /* FlightsLoaderServiceError.swift */; };
		0ADF201B2BAEF21900A88C49 /* Flights_mock.json in Resources */ = {isa = PBXBuildFile; fileRef = 0ADF201A2BAEF21900A88C49 /* Flights_mock.json */; };
		0ADF201D2BAEF22600A88C49 /* MockData.swift in Sources */ = {isa = PBXBuildFile; fileRef = 0ADF201C2BAEF22600A88C49 /* MockData.swift */; };
		0ADF201F2BAEF23D00A88C49 /* MockURLProtocol.swift in Sources */ = {isa = PBXBuildFile; fileRef = 0ADF201E2BAEF23D00A88C49 /* MockURLProtocol.swift */; };
		0ADF20212BAEF25200A88C49 /* FlightsLoaderServiceTests.swift in Sources */ = {isa = PBXBuildFile; fileRef = 0ADF20202BAEF25200A88C49 /* FlightsLoaderServiceTests.swift */; };
		0ADF20222BAEF38100A88C49 /* Flights_mock.json in Resources */ = {isa = PBXBuildFile; fileRef = 0ADF201A2BAEF21900A88C49 /* Flights_mock.json */; };
		0ADF20252BAEF7B200A88C49 /* Localizable.xcstrings in Resources */ = {isa = PBXBuildFile; fileRef = 0ADF20242BAEF7B200A88C49 /* Localizable.xcstrings */; };
		0ADF20272BAEF84300A88C49 /* FlightsLoaderTests.swift in Sources */ = {isa = PBXBuildFile; fileRef = 0ADF20262BAEF84300A88C49 /* FlightsLoaderTests.swift */; };
		0ADF20292BAEF8AD00A88C49 /* FlightsLoaderServiceMock.swift in Sources */ = {isa = PBXBuildFile; fileRef = 0ADF20282BAEF8AD00A88C49 /* FlightsLoaderServiceMock.swift */; };
		0ADF202C2BAEFA2300A88C49 /* FlightsMock.swift in Sources */ = {isa = PBXBuildFile; fileRef = 0ADF202B2BAEFA2300A88C49 /* FlightsMock.swift */; };
		659F9068273A9D3700B06955 /* AppDelegate.swift in Sources */ = {isa = PBXBuildFile; fileRef = 659F9067273A9D3700B06955 /* AppDelegate.swift */; };
		659F9071273A9D3900B06955 /* Assets.xcassets in Resources */ = {isa = PBXBuildFile; fileRef = 659F9070273A9D3900B06955 /* Assets.xcassets */; };
		659F9074273A9D3900B06955 /* LaunchScreen.storyboard in Resources */ = {isa = PBXBuildFile; fileRef = 659F9072273A9D3900B06955 /* LaunchScreen.storyboard */; };
		659F9080273AA5E600B06955 /* FlightsLoader.swift in Sources */ = {isa = PBXBuildFile; fileRef = 659F907F273AA5E600B06955 /* FlightsLoader.swift */; };
		659F9082273AA73D00B06955 /* FlightsViewController.swift in Sources */ = {isa = PBXBuildFile; fileRef = 659F9081273AA73D00B06955 /* FlightsViewController.swift */; };
		659F9084273AAAC700B06955 /* RouteViewController.swift in Sources */ = {isa = PBXBuildFile; fileRef = 659F9083273AAAC700B06955 /* RouteViewController.swift */; };
/* End PBXBuildFile section */

/* Begin PBXContainerItemProxy section */
		0ADF1FFA2BAEEF5700A88C49 /* PBXContainerItemProxy */ = {
			isa = PBXContainerItemProxy;
			containerPortal = 659F905C273A9D3700B06955 /* Project object */;
			proxyType = 1;
			remoteGlobalIDString = 0ADF1FF52BAEEF5700A88C49;
			remoteInfo = API;
		};
		0ADF20132BAEF1EB00A88C49 /* PBXContainerItemProxy */ = {
			isa = PBXContainerItemProxy;
			containerPortal = 659F905C273A9D3700B06955 /* Project object */;
			proxyType = 1;
			remoteGlobalIDString = 659F9063273A9D3700B06955;
			remoteInfo = FR24Challenge;
		};
/* End PBXContainerItemProxy section */

/* Begin PBXCopyFilesBuildPhase section */
		0ADF1FFE2BAEEF5700A88C49 /* Embed Frameworks */ = {
			isa = PBXCopyFilesBuildPhase;
			buildActionMask = 2147483647;
			dstPath = "";
			dstSubfolderSpec = 10;
			files = (
				0ADF1FFD2BAEEF5700A88C49 /* API.framework in Embed Frameworks */,
			);
			name = "Embed Frameworks";
			runOnlyForDeploymentPostprocessing = 0;
		};
/* End PBXCopyFilesBuildPhase section */

/* Begin PBXFileReference section */
		0ADF1FF62BAEEF5700A88C49 /* API.framework */ = {isa = PBXFileReference; explicitFileType = wrapper.framework; includeInIndex = 0; path = API.framework; sourceTree = BUILT_PRODUCTS_DIR; };
		0ADF1FF82BAEEF5700A88C49 /* API.h */ = {isa = PBXFileReference; lastKnownFileType = sourcecode.c.h; path = API.h; sourceTree = "<group>"; };
		0ADF20032BAEEF7600A88C49 /* FlightsLoaderService.swift */ = {isa = PBXFileReference; lastKnownFileType = sourcecode.swift; path = FlightsLoaderService.swift; sourceTree = "<group>"; };
		0ADF20052BAEEFB500A88C49 /* Flights.swift */ = {isa = PBXFileReference; lastKnownFileType = sourcecode.swift; path = Flights.swift; sourceTree = "<group>"; };
		0ADF20072BAEF15C00A88C49 /* HTTPStatusCode.swift */ = {isa = PBXFileReference; lastKnownFileType = sourcecode.swift; path = HTTPStatusCode.swift; sourceTree = "<group>"; };
		0ADF20092BAEF16B00A88C49 /* FlightsLoaderServiceError.swift */ = {isa = PBXFileReference; lastKnownFileType = sourcecode.swift; path = FlightsLoaderServiceError.swift; sourceTree = "<group>"; };
		0ADF200F2BAEF1EB00A88C49 /* FR24ChallengeTests.xctest */ = {isa = PBXFileReference; explicitFileType = wrapper.cfbundle; includeInIndex = 0; path = FR24ChallengeTests.xctest; sourceTree = BUILT_PRODUCTS_DIR; };
		0ADF201A2BAEF21900A88C49 /* Flights_mock.json */ = {isa = PBXFileReference; lastKnownFileType = text.json; path = Flights_mock.json; sourceTree = "<group>"; };
		0ADF201C2BAEF22600A88C49 /* MockData.swift */ = {isa = PBXFileReference; lastKnownFileType = sourcecode.swift; path = MockData.swift; sourceTree = "<group>"; };
		0ADF201E2BAEF23D00A88C49 /* MockURLProtocol.swift */ = {isa = PBXFileReference; lastKnownFileType = sourcecode.swift; path = MockURLProtocol.swift; sourceTree = "<group>"; };
		0ADF20202BAEF25200A88C49 /* FlightsLoaderServiceTests.swift */ = {isa = PBXFileReference; lastKnownFileType = sourcecode.swift; path = FlightsLoaderServiceTests.swift; sourceTree = "<group>"; };
		0ADF20242BAEF7B200A88C49 /* Localizable.xcstrings */ = {isa = PBXFileReference; lastKnownFileType = text.json.xcstrings; path = Localizable.xcstrings; sourceTree = "<group>"; };
		0ADF20262BAEF84300A88C49 /* FlightsLoaderTests.swift */ = {isa = PBXFileReference; lastKnownFileType = sourcecode.swift; path = FlightsLoaderTests.swift; sourceTree = "<group>"; };
		0ADF20282BAEF8AD00A88C49 /* FlightsLoaderServiceMock.swift */ = {isa = PBXFileReference; lastKnownFileType = sourcecode.swift; path = FlightsLoaderServiceMock.swift; sourceTree = "<group>"; };
		0ADF202B2BAEFA2300A88C49 /* FlightsMock.swift */ = {isa = PBXFileReference; lastKnownFileType = sourcecode.swift; path = FlightsMock.swift; sourceTree = "<group>"; };
		659F9064273A9D3700B06955 /* FR24Challenge.app */ = {isa = PBXFileReference; explicitFileType = wrapper.application; includeInIndex = 0; path = FR24Challenge.app; sourceTree = BUILT_PRODUCTS_DIR; };
		659F9067273A9D3700B06955 /* AppDelegate.swift */ = {isa = PBXFileReference; lastKnownFileType = sourcecode.swift; path = AppDelegate.swift; sourceTree = "<group>"; };
		659F9070273A9D3900B06955 /* Assets.xcassets */ = {isa = PBXFileReference; lastKnownFileType = folder.assetcatalog; path = Assets.xcassets; sourceTree = "<group>"; };
		659F9073273A9D3900B06955 /* Base */ = {isa = PBXFileReference; lastKnownFileType = file.storyboard; name = Base; path = Base.lproj/LaunchScreen.storyboard; sourceTree = "<group>"; };
		659F9075273A9D3900B06955 /* Info.plist */ = {isa = PBXFileReference; lastKnownFileType = text.plist.xml; path = Info.plist; sourceTree = "<group>"; };
		659F907F273AA5E600B06955 /* FlightsLoader.swift */ = {isa = PBXFileReference; lastKnownFileType = sourcecode.swift; path = FlightsLoader.swift; sourceTree = "<group>"; };
		659F9081273AA73D00B06955 /* FlightsViewController.swift */ = {isa = PBXFileReference; lastKnownFileType = sourcecode.swift; path = FlightsViewController.swift; sourceTree = "<group>"; };
		659F9083273AAAC700B06955 /* RouteViewController.swift */ = {isa = PBXFileReference; lastKnownFileType = sourcecode.swift; path = RouteViewController.swift; sourceTree = "<group>"; };
/* End PBXFileReference section */

/* Begin PBXFrameworksBuildPhase section */
		0ADF1FF32BAEEF5700A88C49 /* Frameworks */ = {
			isa = PBXFrameworksBuildPhase;
			buildActionMask = 2147483647;
			files = (
			);
			runOnlyForDeploymentPostprocessing = 0;
		};
		0ADF200C2BAEF1EB00A88C49 /* Frameworks */ = {
			isa = PBXFrameworksBuildPhase;
			buildActionMask = 2147483647;
			files = (
			);
			runOnlyForDeploymentPostprocessing = 0;
		};
		659F9061273A9D3700B06955 /* Frameworks */ = {
			isa = PBXFrameworksBuildPhase;
			buildActionMask = 2147483647;
			files = (
				0ADF1FFC2BAEEF5700A88C49 /* API.framework in Frameworks */,
			);
			runOnlyForDeploymentPostprocessing = 0;
		};
/* End PBXFrameworksBuildPhase section */

/* Begin PBXGroup section */
		0ADF1FF72BAEEF5700A88C49 /* API */ = {
			isa = PBXGroup;
			children = (
				0ADF20022BAEEF6000A88C49 /* ResponseObjects */,
				0ADF1FF82BAEEF5700A88C49 /* API.h */,
				0ADF20032BAEEF7600A88C49 /* FlightsLoaderService.swift */,
				0ADF20072BAEF15C00A88C49 /* HTTPStatusCode.swift */,
			);
			path = API;
			sourceTree = "<group>";
		};
		0ADF20022BAEEF6000A88C49 /* ResponseObjects */ = {
			isa = PBXGroup;
			children = (
				0ADF20052BAEEFB500A88C49 /* Flights.swift */,
				0ADF20092BAEF16B00A88C49 /* FlightsLoaderServiceError.swift */,
			);
			path = ResponseObjects;
			sourceTree = "<group>";
		};
		0ADF20102BAEF1EB00A88C49 /* FR24ChallengeTests */ = {
			isa = PBXGroup;
			children = (
				0ADF20182BAEF1F500A88C49 /* Mock */,
				0ADF20202BAEF25200A88C49 /* FlightsLoaderServiceTests.swift */,
				0ADF20262BAEF84300A88C49 /* FlightsLoaderTests.swift */,
			);
			path = FR24ChallengeTests;
			sourceTree = "<group>";
		};
		0ADF20182BAEF1F500A88C49 /* Mock */ = {
			isa = PBXGroup;
			children = (
				0ADF20192BAEF20000A88C49 /* MockData */,
				0ADF201E2BAEF23D00A88C49 /* MockURLProtocol.swift */,
				0ADF20282BAEF8AD00A88C49 /* FlightsLoaderServiceMock.swift */,
			);
			path = Mock;
			sourceTree = "<group>";
		};
		0ADF20192BAEF20000A88C49 /* MockData */ = {
			isa = PBXGroup;
			children = (
				0ADF201A2BAEF21900A88C49 /* Flights_mock.json */,
				0ADF201C2BAEF22600A88C49 /* MockData.swift */,
				0ADF202B2BAEFA2300A88C49 /* FlightsMock.swift */,
			);
			path = MockData;
			sourceTree = "<group>";
		};
		0ADF20232BAEF7A400A88C49 /* Assets */ = {
			isa = PBXGroup;
			children = (
				659F9070273A9D3900B06955 /* Assets.xcassets */,
				659F9072273A9D3900B06955 /* LaunchScreen.storyboard */,
				0ADF20242BAEF7B200A88C49 /* Localizable.xcstrings */,
			);
			path = Assets;
			sourceTree = "<group>";
		};
		659F905B273A9D3700B06955 = {
			isa = PBXGroup;
			children = (
				659F9066273A9D3700B06955 /* FR24Challenge */,
				0ADF1FF72BAEEF5700A88C49 /* API */,
				0ADF20102BAEF1EB00A88C49 /* FR24ChallengeTests */,
				659F9065273A9D3700B06955 /* Products */,
			);
			sourceTree = "<group>";
		};
		659F9065273A9D3700B06955 /* Products */ = {
			isa = PBXGroup;
			children = (
				659F9064273A9D3700B06955 /* FR24Challenge.app */,
				0ADF1FF62BAEEF5700A88C49 /* API.framework */,
				0ADF200F2BAEF1EB00A88C49 /* FR24ChallengeTests.xctest */,
			);
			name = Products;
			sourceTree = "<group>";
		};
		659F9066273A9D3700B06955 /* FR24Challenge */ = {
			isa = PBXGroup;
			children = (
				659F9067273A9D3700B06955 /* AppDelegate.swift */,
				659F907F273AA5E600B06955 /* FlightsLoader.swift */,
				659F9081273AA73D00B06955 /* FlightsViewController.swift */,
				659F9083273AAAC700B06955 /* RouteViewController.swift */,
				0ADF20232BAEF7A400A88C49 /* Assets */,
				659F9075273A9D3900B06955 /* Info.plist */,
			);
			path = FR24Challenge;
			sourceTree = "<group>";
		};
/* End PBXGroup section */

/* Begin PBXHeadersBuildPhase section */
		0ADF1FF12BAEEF5700A88C49 /* Headers */ = {
			isa = PBXHeadersBuildPhase;
			buildActionMask = 2147483647;
			files = (
				0ADF1FF92BAEEF5700A88C49 /* API.h in Headers */,
			);
			runOnlyForDeploymentPostprocessing = 0;
		};
/* End PBXHeadersBuildPhase section */

/* Begin PBXNativeTarget section */
		0ADF1FF52BAEEF5700A88C49 /* API */ = {
			isa = PBXNativeTarget;
			buildConfigurationList = 0ADF20012BAEEF5700A88C49 /* Build configuration list for PBXNativeTarget "API" */;
			buildPhases = (
				0ADF1FF12BAEEF5700A88C49 /* Headers */,
				0ADF1FF22BAEEF5700A88C49 /* Sources */,
				0ADF1FF32BAEEF5700A88C49 /* Frameworks */,
				0ADF1FF42BAEEF5700A88C49 /* Resources */,
			);
			buildRules = (
			);
			dependencies = (
			);
			name = API;
			productName = API;
			productReference = 0ADF1FF62BAEEF5700A88C49 /* API.framework */;
			productType = "com.apple.product-type.framework";
		};
		0ADF200E2BAEF1EB00A88C49 /* FR24ChallengeTests */ = {
			isa = PBXNativeTarget;
			buildConfigurationList = 0ADF20152BAEF1EB00A88C49 /* Build configuration list for PBXNativeTarget "FR24ChallengeTests" */;
			buildPhases = (
				0ADF200B2BAEF1EB00A88C49 /* Sources */,
				0ADF200C2BAEF1EB00A88C49 /* Frameworks */,
				0ADF200D2BAEF1EB00A88C49 /* Resources */,
			);
			buildRules = (
			);
			dependencies = (
				0ADF20142BAEF1EB00A88C49 /* PBXTargetDependency */,
			);
			name = FR24ChallengeTests;
			productName = FR24ChallengeTests;
			productReference = 0ADF200F2BAEF1EB00A88C49 /* FR24ChallengeTests.xctest */;
			productType = "com.apple.product-type.bundle.unit-test";
		};
		659F9063273A9D3700B06955 /* FR24Challenge */ = {
			isa = PBXNativeTarget;
			buildConfigurationList = 659F9078273A9D3900B06955 /* Build configuration list for PBXNativeTarget "FR24Challenge" */;
			buildPhases = (
				659F9060273A9D3700B06955 /* Sources */,
				659F9061273A9D3700B06955 /* Frameworks */,
				659F9062273A9D3700B06955 /* Resources */,
				0ADF1FFE2BAEEF5700A88C49 /* Embed Frameworks */,
			);
			buildRules = (
			);
			dependencies = (
				0ADF1FFB2BAEEF5700A88C49 /* PBXTargetDependency */,
			);
			name = FR24Challenge;
			productName = FR24Challange;
			productReference = 659F9064273A9D3700B06955 /* FR24Challenge.app */;
			productType = "com.apple.product-type.application";
		};
/* End PBXNativeTarget section */

/* Begin PBXProject section */
		659F905C273A9D3700B06955 /* Project object */ = {
			isa = PBXProject;
			attributes = {
				BuildIndependentTargetsInParallel = 1;
				LastSwiftUpdateCheck = 1510;
				LastUpgradeCheck = 1310;
				TargetAttributes = {
					0ADF1FF52BAEEF5700A88C49 = {
						CreatedOnToolsVersion = 15.1;
						LastSwiftMigration = 1510;
					};
					0ADF200E2BAEF1EB00A88C49 = {
						CreatedOnToolsVersion = 15.1;
						TestTargetID = 659F9063273A9D3700B06955;
					};
					659F9063273A9D3700B06955 = {
						CreatedOnToolsVersion = 13.1;
					};
				};
			};
			buildConfigurationList = 659F905F273A9D3700B06955 /* Build configuration list for PBXProject "FR24Challenge" */;
			compatibilityVersion = "Xcode 13.0";
			developmentRegion = en;
			hasScannedForEncodings = 0;
			knownRegions = (
				en,
				Base,
			);
			mainGroup = 659F905B273A9D3700B06955;
			productRefGroup = 659F9065273A9D3700B06955 /* Products */;
			projectDirPath = "";
			projectRoot = "";
			targets = (
				659F9063273A9D3700B06955 /* FR24Challenge */,
				0ADF1FF52BAEEF5700A88C49 /* API */,
				0ADF200E2BAEF1EB00A88C49 /* FR24ChallengeTests */,
			);
		};
/* End PBXProject section */

/* Begin PBXResourcesBuildPhase section */
		0ADF1FF42BAEEF5700A88C49 /* Resources */ = {
			isa = PBXResourcesBuildPhase;
			buildActionMask = 2147483647;
			files = (
			);
			runOnlyForDeploymentPostprocessing = 0;
		};
		0ADF200D2BAEF1EB00A88C49 /* Resources */ = {
			isa = PBXResourcesBuildPhase;
			buildActionMask = 2147483647;
			files = (
				0ADF201B2BAEF21900A88C49 /* Flights_mock.json in Resources */,
			);
			runOnlyForDeploymentPostprocessing = 0;
		};
		659F9062273A9D3700B06955 /* Resources */ = {
			isa = PBXResourcesBuildPhase;
			buildActionMask = 2147483647;
			files = (
				0ADF20222BAEF38100A88C49 /* Flights_mock.json in Resources */,
				659F9074273A9D3900B06955 /* LaunchScreen.storyboard in Resources */,
				0ADF20252BAEF7B200A88C49 /* Localizable.xcstrings in Resources */,
				659F9071273A9D3900B06955 /* Assets.xcassets in Resources */,
			);
			runOnlyForDeploymentPostprocessing = 0;
		};
/* End PBXResourcesBuildPhase section */

/* Begin PBXSourcesBuildPhase section */
		0ADF1FF22BAEEF5700A88C49 /* Sources */ = {
			isa = PBXSourcesBuildPhase;
			buildActionMask = 2147483647;
			files = (
				0ADF20082BAEF15C00A88C49 /* HTTPStatusCode.swift in Sources */,
				0ADF200A2BAEF16B00A88C49 /* FlightsLoaderServiceError.swift in Sources */,
				0ADF20042BAEEF7600A88C49 /* FlightsLoaderService.swift in Sources */,
				0ADF20062BAEEFB500A88C49 /* Flights.swift in Sources */,
			);
			runOnlyForDeploymentPostprocessing = 0;
		};
		0ADF200B2BAEF1EB00A88C49 /* Sources */ = {
			isa = PBXSourcesBuildPhase;
			buildActionMask = 2147483647;
			files = (
				0ADF201F2BAEF23D00A88C49 /* MockURLProtocol.swift in Sources */,
				0ADF202C2BAEFA2300A88C49 /* FlightsMock.swift in Sources */,
				0ADF20212BAEF25200A88C49 /* FlightsLoaderServiceTests.swift in Sources */,
				0ADF20272BAEF84300A88C49 /* FlightsLoaderTests.swift in Sources */,
				0ADF201D2BAEF22600A88C49 /* MockData.swift in Sources */,
				0ADF20292BAEF8AD00A88C49 /* FlightsLoaderServiceMock.swift in Sources */,
			);
			runOnlyForDeploymentPostprocessing = 0;
		};
		659F9060273A9D3700B06955 /* Sources */ = {
			isa = PBXSourcesBuildPhase;
			buildActionMask = 2147483647;
			files = (
				659F9082273AA73D00B06955 /* FlightsViewController.swift in Sources */,
				659F9080273AA5E600B06955 /* FlightsLoader.swift in Sources */,
				659F9068273A9D3700B06955 /* AppDelegate.swift in Sources */,
				659F9084273AAAC700B06955 /* RouteViewController.swift in Sources */,
			);
			runOnlyForDeploymentPostprocessing = 0;
		};
/* End PBXSourcesBuildPhase section */

/* Begin PBXTargetDependency section */
		0ADF1FFB2BAEEF5700A88C49 /* PBXTargetDependency */ = {
			isa = PBXTargetDependency;
			target = 0ADF1FF52BAEEF5700A88C49 /* API */;
			targetProxy = 0ADF1FFA2BAEEF5700A88C49 /* PBXContainerItemProxy */;
		};
		0ADF20142BAEF1EB00A88C49 /* PBXTargetDependency */ = {
			isa = PBXTargetDependency;
			target = 659F9063273A9D3700B06955 /* FR24Challenge */;
			targetProxy = 0ADF20132BAEF1EB00A88C49 /* PBXContainerItemProxy */;
		};
/* End PBXTargetDependency section */

/* Begin PBXVariantGroup section */
		659F9072273A9D3900B06955 /* LaunchScreen.storyboard */ = {
			isa = PBXVariantGroup;
			children = (
				659F9073273A9D3900B06955 /* Base */,
			);
			name = LaunchScreen.storyboard;
			sourceTree = "<group>";
		};
/* End PBXVariantGroup section */

/* Begin XCBuildConfiguration section */
		0ADF1FFF2BAEEF5700A88C49 /* Debug */ = {
			isa = XCBuildConfiguration;
			buildSettings = {
				ASSETCATALOG_COMPILER_GENERATE_SWIFT_ASSET_SYMBOL_EXTENSIONS = YES;
				CLANG_CXX_LANGUAGE_STANDARD = "gnu++20";
				CLANG_ENABLE_MODULES = YES;
				CODE_SIGN_STYLE = Automatic;
				CURRENT_PROJECT_VERSION = 1;
				DEFINES_MODULE = YES;
				DEVELOPMENT_TEAM = RWFN77K3XA;
				DYLIB_COMPATIBILITY_VERSION = 1;
				DYLIB_CURRENT_VERSION = 1;
				DYLIB_INSTALL_NAME_BASE = "@rpath";
				ENABLE_MODULE_VERIFIER = YES;
				ENABLE_USER_SCRIPT_SANDBOXING = YES;
				GCC_C_LANGUAGE_STANDARD = gnu17;
				GENERATE_INFOPLIST_FILE = YES;
				INFOPLIST_KEY_NSHumanReadableCopyright = "";
				INSTALL_PATH = "$(LOCAL_LIBRARY_DIR)/Frameworks";
				IPHONEOS_DEPLOYMENT_TARGET = 15.0;
				LD_RUNPATH_SEARCH_PATHS = (
					"$(inherited)",
					"@executable_path/Frameworks",
					"@loader_path/Frameworks",
				);
				LOCALIZATION_PREFERS_STRING_CATALOGS = YES;
				MARKETING_VERSION = 1.0;
				MODULE_VERIFIER_SUPPORTED_LANGUAGES = "objective-c objective-c++";
				MODULE_VERIFIER_SUPPORTED_LANGUAGE_STANDARDS = "gnu17 gnu++20";
				PRODUCT_BUNDLE_IDENTIFIER = FR24Challenge.API;
				PRODUCT_NAME = "$(TARGET_NAME:c99extidentifier)";
				SKIP_INSTALL = YES;
				SUPPORTED_PLATFORMS = "iphoneos iphonesimulator";
				SUPPORTS_MACCATALYST = NO;
				SUPPORTS_MAC_DESIGNED_FOR_IPHONE_IPAD = NO;
				SWIFT_ACTIVE_COMPILATION_CONDITIONS = "DEBUG $(inherited)";
				SWIFT_EMIT_LOC_STRINGS = YES;
				SWIFT_OPTIMIZATION_LEVEL = "-Onone";
				SWIFT_VERSION = 5.0;
				TARGETED_DEVICE_FAMILY = 1;
				VERSIONING_SYSTEM = "apple-generic";
				VERSION_INFO_PREFIX = "";
			};
			name = Debug;
		};
		0ADF20002BAEEF5700A88C49 /* Release */ = {
			isa = XCBuildConfiguration;
			buildSettings = {
				ASSETCATALOG_COMPILER_GENERATE_SWIFT_ASSET_SYMBOL_EXTENSIONS = YES;
				CLANG_CXX_LANGUAGE_STANDARD = "gnu++20";
				CLANG_ENABLE_MODULES = YES;
				CODE_SIGN_STYLE = Automatic;
				CURRENT_PROJECT_VERSION = 1;
				DEFINES_MODULE = YES;
				DEVELOPMENT_TEAM = RWFN77K3XA;
				DYLIB_COMPATIBILITY_VERSION = 1;
				DYLIB_CURRENT_VERSION = 1;
				DYLIB_INSTALL_NAME_BASE = "@rpath";
				ENABLE_MODULE_VERIFIER = YES;
				ENABLE_USER_SCRIPT_SANDBOXING = YES;
				GCC_C_LANGUAGE_STANDARD = gnu17;
				GENERATE_INFOPLIST_FILE = YES;
				INFOPLIST_KEY_NSHumanReadableCopyright = "";
				INSTALL_PATH = "$(LOCAL_LIBRARY_DIR)/Frameworks";
				IPHONEOS_DEPLOYMENT_TARGET = 15.0;
				LD_RUNPATH_SEARCH_PATHS = (
					"$(inherited)",
					"@executable_path/Frameworks",
					"@loader_path/Frameworks",
				);
				LOCALIZATION_PREFERS_STRING_CATALOGS = YES;
				MARKETING_VERSION = 1.0;
				MODULE_VERIFIER_SUPPORTED_LANGUAGES = "objective-c objective-c++";
				MODULE_VERIFIER_SUPPORTED_LANGUAGE_STANDARDS = "gnu17 gnu++20";
				PRODUCT_BUNDLE_IDENTIFIER = FR24Challenge.API;
				PRODUCT_NAME = "$(TARGET_NAME:c99extidentifier)";
				SKIP_INSTALL = YES;
				SUPPORTED_PLATFORMS = "iphoneos iphonesimulator";
				SUPPORTS_MACCATALYST = NO;
				SUPPORTS_MAC_DESIGNED_FOR_IPHONE_IPAD = NO;
				SWIFT_EMIT_LOC_STRINGS = YES;
				SWIFT_VERSION = 5.0;
				TARGETED_DEVICE_FAMILY = 1;
				VERSIONING_SYSTEM = "apple-generic";
				VERSION_INFO_PREFIX = "";
			};
			name = Release;
		};
		0ADF20162BAEF1EB00A88C49 /* Debug */ = {
			isa = XCBuildConfiguration;
			buildSettings = {
				ASSETCATALOG_COMPILER_GENERATE_SWIFT_ASSET_SYMBOL_EXTENSIONS = YES;
				BUNDLE_LOADER = "$(TEST_HOST)";
				CLANG_CXX_LANGUAGE_STANDARD = "gnu++20";
				CODE_SIGN_STYLE = Automatic;
				CURRENT_PROJECT_VERSION = 1;
				DEVELOPMENT_TEAM = Y2Y4TXK6US;
				ENABLE_USER_SCRIPT_SANDBOXING = YES;
				GCC_C_LANGUAGE_STANDARD = gnu17;
				GENERATE_INFOPLIST_FILE = YES;
				IPHONEOS_DEPLOYMENT_TARGET = 15.0;
				LOCALIZATION_PREFERS_STRING_CATALOGS = YES;
				MARKETING_VERSION = 1.0;
				PRODUCT_BUNDLE_IDENTIFIER = FR24Challenge.FR24ChallengeTests;
				PRODUCT_NAME = "$(TARGET_NAME)";
				SUPPORTED_PLATFORMS = "iphoneos iphonesimulator";
				SUPPORTS_MACCATALYST = NO;
				SUPPORTS_MAC_DESIGNED_FOR_IPHONE_IPAD = NO;
				SWIFT_ACTIVE_COMPILATION_CONDITIONS = "DEBUG $(inherited)";
				SWIFT_EMIT_LOC_STRINGS = NO;
				SWIFT_VERSION = 5.0;
				TARGETED_DEVICE_FAMILY = 1;
				TEST_HOST = "$(BUILT_PRODUCTS_DIR)/FR24Challenge.app/$(BUNDLE_EXECUTABLE_FOLDER_PATH)/FR24Challenge";
			};
			name = Debug;
		};
		0ADF20172BAEF1EB00A88C49 /* Release */ = {
			isa = XCBuildConfiguration;
			buildSettings = {
				ASSETCATALOG_COMPILER_GENERATE_SWIFT_ASSET_SYMBOL_EXTENSIONS = YES;
				BUNDLE_LOADER = "$(TEST_HOST)";
				CLANG_CXX_LANGUAGE_STANDARD = "gnu++20";
				CODE_SIGN_STYLE = Automatic;
				CURRENT_PROJECT_VERSION = 1;
				DEVELOPMENT_TEAM = Y2Y4TXK6US;
				ENABLE_USER_SCRIPT_SANDBOXING = YES;
				GCC_C_LANGUAGE_STANDARD = gnu17;
				GENERATE_INFOPLIST_FILE = YES;
				IPHONEOS_DEPLOYMENT_TARGET = 15.0;
				LOCALIZATION_PREFERS_STRING_CATALOGS = YES;
				MARKETING_VERSION = 1.0;
				PRODUCT_BUNDLE_IDENTIFIER = FR24Challenge.FR24ChallengeTests;
				PRODUCT_NAME = "$(TARGET_NAME)";
				SUPPORTED_PLATFORMS = "iphoneos iphonesimulator";
				SUPPORTS_MACCATALYST = NO;
				SUPPORTS_MAC_DESIGNED_FOR_IPHONE_IPAD = NO;
				SWIFT_EMIT_LOC_STRINGS = NO;
				SWIFT_VERSION = 5.0;
				TARGETED_DEVICE_FAMILY = 1;
				TEST_HOST = "$(BUILT_PRODUCTS_DIR)/FR24Challenge.app/$(BUNDLE_EXECUTABLE_FOLDER_PATH)/FR24Challenge";
			};
			name = Release;
		};
		659F9076273A9D3900B06955 /* Debug */ = {
			isa = XCBuildConfiguration;
			buildSettings = {
				ALWAYS_SEARCH_USER_PATHS = NO;
				CLANG_ANALYZER_NONNULL = YES;
				CLANG_ANALYZER_NUMBER_OBJECT_CONVERSION = YES_AGGRESSIVE;
				CLANG_CXX_LANGUAGE_STANDARD = "gnu++17";
				CLANG_CXX_LIBRARY = "libc++";
				CLANG_ENABLE_MODULES = YES;
				CLANG_ENABLE_OBJC_ARC = YES;
				CLANG_ENABLE_OBJC_WEAK = YES;
				CLANG_WARN_BLOCK_CAPTURE_AUTORELEASING = YES;
				CLANG_WARN_BOOL_CONVERSION = YES;
				CLANG_WARN_COMMA = YES;
				CLANG_WARN_CONSTANT_CONVERSION = YES;
				CLANG_WARN_DEPRECATED_OBJC_IMPLEMENTATIONS = YES;
				CLANG_WARN_DIRECT_OBJC_ISA_USAGE = YES_ERROR;
				CLANG_WARN_DOCUMENTATION_COMMENTS = YES;
				CLANG_WARN_EMPTY_BODY = YES;
				CLANG_WARN_ENUM_CONVERSION = YES;
				CLANG_WARN_INFINITE_RECURSION = YES;
				CLANG_WARN_INT_CONVERSION = YES;
				CLANG_WARN_NON_LITERAL_NULL_CONVERSION = YES;
				CLANG_WARN_OBJC_IMPLICIT_RETAIN_SELF = YES;
				CLANG_WARN_OBJC_LITERAL_CONVERSION = YES;
				CLANG_WARN_OBJC_ROOT_CLASS = YES_ERROR;
				CLANG_WARN_QUOTED_INCLUDE_IN_FRAMEWORK_HEADER = YES;
				CLANG_WARN_RANGE_LOOP_ANALYSIS = YES;
				CLANG_WARN_STRICT_PROTOTYPES = YES;
				CLANG_WARN_SUSPICIOUS_MOVE = YES;
				CLANG_WARN_UNGUARDED_AVAILABILITY = YES_AGGRESSIVE;
				CLANG_WARN_UNREACHABLE_CODE = YES;
				CLANG_WARN__DUPLICATE_METHOD_MATCH = YES;
				COPY_PHASE_STRIP = NO;
				DEBUG_INFORMATION_FORMAT = dwarf;
				ENABLE_STRICT_OBJC_MSGSEND = YES;
				ENABLE_TESTABILITY = YES;
				GCC_C_LANGUAGE_STANDARD = gnu11;
				GCC_DYNAMIC_NO_PIC = NO;
				GCC_NO_COMMON_BLOCKS = YES;
				GCC_OPTIMIZATION_LEVEL = 0;
				GCC_PREPROCESSOR_DEFINITIONS = (
					"DEBUG=1",
					"$(inherited)",
				);
				GCC_WARN_64_TO_32_BIT_CONVERSION = YES;
				GCC_WARN_ABOUT_RETURN_TYPE = YES_ERROR;
				GCC_WARN_UNDECLARED_SELECTOR = YES;
				GCC_WARN_UNINITIALIZED_AUTOS = YES_AGGRESSIVE;
				GCC_WARN_UNUSED_FUNCTION = YES;
				GCC_WARN_UNUSED_VARIABLE = YES;
				IPHONEOS_DEPLOYMENT_TARGET = 15.0;
				MTL_ENABLE_DEBUG_INFO = INCLUDE_SOURCE;
				MTL_FAST_MATH = YES;
				ONLY_ACTIVE_ARCH = YES;
				SDKROOT = iphoneos;
				SWIFT_ACTIVE_COMPILATION_CONDITIONS = DEBUG;
				SWIFT_OPTIMIZATION_LEVEL = "-Onone";
			};
			name = Debug;
		};
		659F9077273A9D3900B06955 /* Release */ = {
			isa = XCBuildConfiguration;
			buildSettings = {
				ALWAYS_SEARCH_USER_PATHS = NO;
				CLANG_ANALYZER_NONNULL = YES;
				CLANG_ANALYZER_NUMBER_OBJECT_CONVERSION = YES_AGGRESSIVE;
				CLANG_CXX_LANGUAGE_STANDARD = "gnu++17";
				CLANG_CXX_LIBRARY = "libc++";
				CLANG_ENABLE_MODULES = YES;
				CLANG_ENABLE_OBJC_ARC = YES;
				CLANG_ENABLE_OBJC_WEAK = YES;
				CLANG_WARN_BLOCK_CAPTURE_AUTORELEASING = YES;
				CLANG_WARN_BOOL_CONVERSION = YES;
				CLANG_WARN_COMMA = YES;
				CLANG_WARN_CONSTANT_CONVERSION = YES;
				CLANG_WARN_DEPRECATED_OBJC_IMPLEMENTATIONS = YES;
				CLANG_WARN_DIRECT_OBJC_ISA_USAGE = YES_ERROR;
				CLANG_WARN_DOCUMENTATION_COMMENTS = YES;
				CLANG_WARN_EMPTY_BODY = YES;
				CLANG_WARN_ENUM_CONVERSION = YES;
				CLANG_WARN_INFINITE_RECURSION = YES;
				CLANG_WARN_INT_CONVERSION = YES;
				CLANG_WARN_NON_LITERAL_NULL_CONVERSION = YES;
				CLANG_WARN_OBJC_IMPLICIT_RETAIN_SELF = YES;
				CLANG_WARN_OBJC_LITERAL_CONVERSION = YES;
				CLANG_WARN_OBJC_ROOT_CLASS = YES_ERROR;
				CLANG_WARN_QUOTED_INCLUDE_IN_FRAMEWORK_HEADER = YES;
				CLANG_WARN_RANGE_LOOP_ANALYSIS = YES;
				CLANG_WARN_STRICT_PROTOTYPES = YES;
				CLANG_WARN_SUSPICIOUS_MOVE = YES;
				CLANG_WARN_UNGUARDED_AVAILABILITY = YES_AGGRESSIVE;
				CLANG_WARN_UNREACHABLE_CODE = YES;
				CLANG_WARN__DUPLICATE_METHOD_MATCH = YES;
				COPY_PHASE_STRIP = NO;
				DEBUG_INFORMATION_FORMAT = "dwarf-with-dsym";
				ENABLE_NS_ASSERTIONS = NO;
				ENABLE_STRICT_OBJC_MSGSEND = YES;
				GCC_C_LANGUAGE_STANDARD = gnu11;
				GCC_NO_COMMON_BLOCKS = YES;
				GCC_WARN_64_TO_32_BIT_CONVERSION = YES;
				GCC_WARN_ABOUT_RETURN_TYPE = YES_ERROR;
				GCC_WARN_UNDECLARED_SELECTOR = YES;
				GCC_WARN_UNINITIALIZED_AUTOS = YES_AGGRESSIVE;
				GCC_WARN_UNUSED_FUNCTION = YES;
				GCC_WARN_UNUSED_VARIABLE = YES;
				IPHONEOS_DEPLOYMENT_TARGET = 15.0;
				MTL_ENABLE_DEBUG_INFO = NO;
				MTL_FAST_MATH = YES;
				SDKROOT = iphoneos;
				SWIFT_COMPILATION_MODE = wholemodule;
				SWIFT_OPTIMIZATION_LEVEL = "-O";
				VALIDATE_PRODUCT = YES;
			};
			name = Release;
		};
		659F9079273A9D3900B06955 /* Debug */ = {
			isa = XCBuildConfiguration;
			buildSettings = {
				ALWAYS_EMBED_SWIFT_STANDARD_LIBRARIES = YES;
				ASSETCATALOG_COMPILER_APPICON_NAME = AppIcon;
				ASSETCATALOG_COMPILER_GLOBAL_ACCENT_COLOR_NAME = AccentColor;
				CODE_SIGN_STYLE = Automatic;
				CURRENT_PROJECT_VERSION = 1;
				DEVELOPMENT_TEAM = RWFN77K3XA;
				GENERATE_INFOPLIST_FILE = YES;
				INFOPLIST_FILE = FR24Challenge/Info.plist;
				INFOPLIST_KEY_UIApplicationSupportsIndirectInputEvents = YES;
				INFOPLIST_KEY_UILaunchStoryboardName = LaunchScreen;
				INFOPLIST_KEY_UISupportedInterfaceOrientations = UIInterfaceOrientationPortrait;
				INFOPLIST_KEY_UISupportedInterfaceOrientations_iPad = "UIInterfaceOrientationLandscapeLeft UIInterfaceOrientationLandscapeRight UIInterfaceOrientationPortrait UIInterfaceOrientationPortraitUpsideDown";
				IPHONEOS_DEPLOYMENT_TARGET = 15.0;
				LD_RUNPATH_SEARCH_PATHS = (
					"$(inherited)",
					"@executable_path/Frameworks",
				);
				MARKETING_VERSION = 1.0;
				PRODUCT_BUNDLE_IDENTIFIER = com.flightradar24.FR24Challenge;
				PRODUCT_NAME = "$(TARGET_NAME)";
				SUPPORTED_PLATFORMS = "iphoneos iphonesimulator";
				SUPPORTS_MACCATALYST = NO;
				SUPPORTS_MAC_DESIGNED_FOR_IPHONE_IPAD = NO;
				SWIFT_EMIT_LOC_STRINGS = YES;
				SWIFT_VERSION = 5.0;
				TARGETED_DEVICE_FAMILY = 1;
			};
			name = Debug;
		};
		659F907A273A9D3900B06955 /* Release */ = {
			isa = XCBuildConfiguration;
			buildSettings = {
				ALWAYS_EMBED_SWIFT_STANDARD_LIBRARIES = YES;
				ASSETCATALOG_COMPILER_APPICON_NAME = AppIcon;
				ASSETCATALOG_COMPILER_GLOBAL_ACCENT_COLOR_NAME = AccentColor;
				CODE_SIGN_STYLE = Automatic;
				CURRENT_PROJECT_VERSION = 1;
				DEVELOPMENT_TEAM = RWFN77K3XA;
				GENERATE_INFOPLIST_FILE = YES;
				INFOPLIST_FILE = FR24Challenge/Info.plist;
				INFOPLIST_KEY_UIApplicationSupportsIndirectInputEvents = YES;
				INFOPLIST_KEY_UILaunchStoryboardName = LaunchScreen;
				INFOPLIST_KEY_UISupportedInterfaceOrientations = UIInterfaceOrientationPortrait;
				INFOPLIST_KEY_UISupportedInterfaceOrientations_iPad = "UIInterfaceOrientationLandscapeLeft UIInterfaceOrientationLandscapeRight UIInterfaceOrientationPortrait UIInterfaceOrientationPortraitUpsideDown";
				IPHONEOS_DEPLOYMENT_TARGET = 15.0;
				LD_RUNPATH_SEARCH_PATHS = (
					"$(inherited)",
					"@executable_path/Frameworks",
				);
				MARKETING_VERSION = 1.0;
				PRODUCT_BUNDLE_IDENTIFIER = com.flightradar24.FR24Challenge;
				PRODUCT_NAME = "$(TARGET_NAME)";
				SUPPORTED_PLATFORMS = "iphoneos iphonesimulator";
				SUPPORTS_MACCATALYST = NO;
				SUPPORTS_MAC_DESIGNED_FOR_IPHONE_IPAD = NO;
				SWIFT_EMIT_LOC_STRINGS = YES;
				SWIFT_VERSION = 5.0;
				TARGETED_DEVICE_FAMILY = 1;
			};
			name = Release;
		};
/* End XCBuildConfiguration section */

/* Begin XCConfigurationList section */
		0ADF20012BAEEF5700A88C49 /* Build configuration list for PBXNativeTarget "API" */ = {
			isa = XCConfigurationList;
			buildConfigurations = (
				0ADF1FFF2BAEEF5700A88C49 /* Debug */,
				0ADF20002BAEEF5700A88C49 /* Release */,
			);
			defaultConfigurationIsVisible = 0;
			defaultConfigurationName = Release;
		};
		0ADF20152BAEF1EB00A88C49 /* Build configuration list for PBXNativeTarget "FR24ChallengeTests" */ = {
			isa = XCConfigurationList;
			buildConfigurations = (
				0ADF20162BAEF1EB00A88C49 /* Debug */,
				0ADF20172BAEF1EB00A88C49 /* Release */,
			);
			defaultConfigurationIsVisible = 0;
			defaultConfigurationName = Release;
		};
		659F905F273A9D3700B06955 /* Build configuration list for PBXProject "FR24Challenge" */ = {
			isa = XCConfigurationList;
			buildConfigurations = (
				659F9076273A9D3900B06955 /* Debug */,
				659F9077273A9D3900B06955 /* Release */,
			);
			defaultConfigurationIsVisible = 0;
			defaultConfigurationName = Release;
		};
		659F9078273A9D3900B06955 /* Build configuration list for PBXNativeTarget "FR24Challenge" */ = {
			isa = XCConfigurationList;
			buildConfigurations = (
				659F9079273A9D3900B06955 /* Debug */,
				659F907A273A9D3900B06955 /* Release */,
			);
			defaultConfigurationIsVisible = 0;
			defaultConfigurationName = Release;
		};
/* End XCConfigurationList section */
	};
	rootObject = 659F905C273A9D3700B06955 /* Project object */;
}
